
Microsoft Visual Studio Solution File, Format Version 12.00
# Visual Studio Version 17
VisualStudioVersion = 17.7.34031.279
MinimumVisualStudioVersion = 10.0.40219.1
Project("{9A19103F-16F7-4668-BE54-9A1E7A4F7556}") = "WorldCitiesAPI", "WorldCitiesAPI\WorldCitiesAPI.csproj", "{DB9E20C2-9747-4799-9CE2-F61B01416129}"
EndProject
Project("{9A19103F-16F7-4668-BE54-9A1E7A4F7556}") = "Angular_HomeExam", "Client\Angular_HomeExam\Angular_HomeExam.csproj", "{95D20FAF-4303-4294-8B4E-A0E3447790BF}"
EndProject
Global
	GlobalSection(SolutionConfigurationPlatforms) = preSolution
		Debug|Any CPU = Debug|Any CPU
		Release|Any CPU = Release|Any CPU
	EndGlobalSection
	GlobalSection(ProjectConfigurationPlatforms) = postSolution
		{DB9E20C2-9747-4799-9CE2-F61B01416129}.Debug|Any CPU.ActiveCfg = Debug|Any CPU
		{DB9E20C2-9747-4799-9CE2-F61B01416129}.Debug|Any CPU.Build.0 = Debug|Any CPU
		{DB9E20C2-9747-4799-9CE2-F61B01416129}.Release|Any CPU.ActiveCfg = Release|Any CPU
		{DB9E20C2-9747-4799-9CE2-F61B01416129}.Release|Any CPU.Build.0 = Release|Any CPU
		{95D20FAF-4303-4294-8B4E-A0E3447790BF}.Debug|Any CPU.ActiveCfg = Debug|Any CPU
		{95D20FAF-4303-4294-8B4E-A0E3447790BF}.Debug|Any CPU.Build.0 = Debug|Any CPU
		{95D20FAF-4303-4294-8B4E-A0E3447790BF}.Release|Any CPU.ActiveCfg = Release|Any CPU
		{95D20FAF-4303-4294-8B4E-A0E3447790BF}.Release|Any CPU.Build.0 = Release|Any CPU
	EndGlobalSection
	GlobalSection(SolutionProperties) = preSolution
		HideSolutionNode = FALSE
	EndGlobalSection
	GlobalSection(ExtensibilityGlobals) = postSolution
		SolutionGuid = {C22B3921-CEF0-4D89-A491-47880CD3DF15}
	EndGlobalSection
EndGlobal
